
Microsoft Visual Studio Solution File, Format Version 12.00
# Visual Studio Version 16
VisualStudioVersion = 16.0.29519.87
MinimumVisualStudioVersion = 10.0.40219.1
Project("{FAE04EC0-301F-11D3-BF4B-00C04F79EFBC}") = "TestIdP", "TestIdP\TestIdP.csproj", "{3F0183CE-4981-42D0-AF7A-37FC72C56703}"
EndProject
Project("{FAE04EC0-301F-11D3-BF4B-00C04F79EFBC}") = "TestSP", "TestSP\TestSP.csproj", "{2448F13D-574E-4B06-B64B-DD86B5A2FD0F}"
EndProject
Global
	GlobalSection(SolutionConfigurationPlatforms) = preSolution
		Debug|Any CPU = Debug|Any CPU
		Release|Any CPU = Release|Any CPU
	EndGlobalSection
	GlobalSection(ProjectConfigurationPlatforms) = postSolution
		{3F0183CE-4981-42D0-AF7A-37FC72C56703}.Debug|Any CPU.ActiveCfg = Debug|Any CPU
		{3F0183CE-4981-42D0-AF7A-37FC72C56703}.Debug|Any CPU.Build.0 = Debug|Any CPU
		{3F0183CE-4981-42D0-AF7A-37FC72C56703}.Release|Any CPU.ActiveCfg = Release|Any CPU
		{3F0183CE-4981-42D0-AF7A-37FC72C56703}.Release|Any CPU.Build.0 = Release|Any CPU
		{2448F13D-574E-4B06-B64B-DD86B5A2FD0F}.Debug|Any CPU.ActiveCfg = Debug|Any CPU
		{2448F13D-574E-4B06-B64B-DD86B5A2FD0F}.Debug|Any CPU.Build.0 = Debug|Any CPU
		{2448F13D-574E-4B06-B64B-DD86B5A2FD0F}.Release|Any CPU.ActiveCfg = Release|Any CPU
		{2448F13D-574E-4B06-B64B-DD86B5A2FD0F}.Release|Any CPU.Build.0 = Release|Any CPU
	EndGlobalSection
	GlobalSection(SolutionProperties) = preSolution
		HideSolutionNode = FALSE
	EndGlobalSection
	GlobalSection(ExtensibilityGlobals) = postSolution
		SolutionGuid = {A53E9BA6-274D-423A-BEB1-F0B5D7C891DC}
	EndGlobalSection
EndGlobal
